
Microsoft Visual Studio Solution File, Format Version 12.00
# Visual Studio Version 17
VisualStudioVersion = 17.5.33516.290
MinimumVisualStudioVersion = 10.0.40219.1
Project("{FAE04EC0-301F-11D3-BF4B-00C04F79EFBC}") = "Server", "Server\Server.csproj", "{FA7B2D2F-B3B1-4299-984A-70E955DAD373}"
EndProject
Global
	GlobalSection(SolutionConfigurationPlatforms) = preSolution
		Debug|Any CPU = Debug|Any CPU
		Release|Any CPU = Release|Any CPU
	EndGlobalSection
	GlobalSection(ProjectConfigurationPlatforms) = postSolution
		{FA7B2D2F-B3B1-4299-984A-70E955DAD373}.Debug|Any CPU.ActiveCfg = Debug|Any CPU
		{FA7B2D2F-B3B1-4299-984A-70E955DAD373}.Debug|Any CPU.Build.0 = Debug|Any CPU
		{FA7B2D2F-B3B1-4299-984A-70E955DAD373}.Release|Any CPU.ActiveCfg = Release|Any CPU
		{FA7B2D2F-B3B1-4299-984A-70E955DAD373}.Release|Any CPU.Build.0 = Release|Any CPU
	EndGlobalSection
	GlobalSection(SolutionProperties) = preSolution
		HideSolutionNode = FALSE
	EndGlobalSection
	GlobalSection(ExtensibilityGlobals) = postSolution
		SolutionGuid = {4D5B72CC-4E42-4D5C-B9C3-977E64F62096}
	EndGlobalSection
EndGlobal
