
Microsoft Visual Studio Solution File, Format Version 12.00
# Visual Studio Version 17
VisualStudioVersion = 17.5.33516.290
MinimumVisualStudioVersion = 10.0.40219.1
Project("{9A19103F-16F7-4668-BE54-9A1E7A4F7556}") = "Server", "Server\Server.csproj", "{FA7B2D2F-B3B1-4299-984A-70E955DAD373}"
EndProject
Project("{9A19103F-16F7-4668-BE54-9A1E7A4F7556}") = "ServerCore", "ServerCore\ServerCore.csproj", "{D47350AE-8D05-4359-808C-C5F597906CBC}"
EndProject
Global
	GlobalSection(SolutionConfigurationPlatforms) = preSolution
		Debug|Any CPU = Debug|Any CPU
		Release|Any CPU = Release|Any CPU
	EndGlobalSection
	GlobalSection(ProjectConfigurationPlatforms) = postSolution
		{FA7B2D2F-B3B1-4299-984A-70E955DAD373}.Debug|Any CPU.ActiveCfg = Debug|Any CPU
		{FA7B2D2F-B3B1-4299-984A-70E955DAD373}.Debug|Any CPU.Build.0 = Debug|Any CPU
		{FA7B2D2F-B3B1-4299-984A-70E955DAD373}.Release|Any CPU.ActiveCfg = Release|Any CPU
		{FA7B2D2F-B3B1-4299-984A-70E955DAD373}.Release|Any CPU.Build.0 = Release|Any CPU
		{D47350AE-8D05-4359-808C-C5F597906CBC}.Debug|Any CPU.ActiveCfg = Debug|Any CPU
		{D47350AE-8D05-4359-808C-C5F597906CBC}.Debug|Any CPU.Build.0 = Debug|Any CPU
		{D47350AE-8D05-4359-808C-C5F597906CBC}.Release|Any CPU.ActiveCfg = Release|Any CPU
		{D47350AE-8D05-4359-808C-C5F597906CBC}.Release|Any CPU.Build.0 = Release|Any CPU
	EndGlobalSection
	GlobalSection(SolutionProperties) = preSolution
		HideSolutionNode = FALSE
	EndGlobalSection
	GlobalSection(ExtensibilityGlobals) = postSolution
		SolutionGuid = {4D5B72CC-4E42-4D5C-B9C3-977E64F62096}
	EndGlobalSection
EndGlobal
